
Microsoft Visual Studio Solution File, Format Version 12.00
# Visual Studio 15
VisualStudioVersion = 15.0.27703.2035
MinimumVisualStudioVersion = 10.0.40219.1
Project("{FAE04EC0-301F-11D3-BF4B-00C04F79EFBC}") = "BiliBili", "BiliBili\BiliBili.csproj", "{BC7B40A3-288F-4D5A-8F91-C7455A83E36F}"
EndProject
Project("{FAE04EC0-301F-11D3-BF4B-00C04F79EFBC}") = "Main", "Main\Main.csproj", "{B1F6349C-5B50-449A-9CEB-BF5943DA2370}"
EndProject
Global
	GlobalSection(SolutionConfigurationPlatforms) = preSolution
		Debug|Any CPU = Debug|Any CPU
		Release|Any CPU = Release|Any CPU
	EndGlobalSection
	GlobalSection(ProjectConfigurationPlatforms) = postSolution
		{BC7B40A3-288F-4D5A-8F91-C7455A83E36F}.Debug|Any CPU.ActiveCfg = Debug|Any CPU
		{BC7B40A3-288F-4D5A-8F91-C7455A83E36F}.Debug|Any CPU.Build.0 = Debug|Any CPU
		{BC7B40A3-288F-4D5A-8F91-C7455A83E36F}.Release|Any CPU.ActiveCfg = Release|Any CPU
		{BC7B40A3-288F-4D5A-8F91-C7455A83E36F}.Release|Any CPU.Build.0 = Release|Any CPU
		{B1F6349C-5B50-449A-9CEB-BF5943DA2370}.Debug|Any CPU.ActiveCfg = Debug|Any CPU
		{B1F6349C-5B50-449A-9CEB-BF5943DA2370}.Debug|Any CPU.Build.0 = Debug|Any CPU
		{B1F6349C-5B50-449A-9CEB-BF5943DA2370}.Release|Any CPU.ActiveCfg = Release|Any CPU
		{B1F6349C-5B50-449A-9CEB-BF5943DA2370}.Release|Any CPU.Build.0 = Release|Any CPU
	EndGlobalSection
	GlobalSection(SolutionProperties) = preSolution
		HideSolutionNode = FALSE
	EndGlobalSection
	GlobalSection(ExtensibilityGlobals) = postSolution
		SolutionGuid = {3B1A4399-E26C-400D-862F-12F0F4530385}
	EndGlobalSection
EndGlobal
